{
  "version": 4,
  "terraform_version": "1.8.3",
  "serial": 6,
  "lineage": "20aa8621-3c94-5d78-e0de-316fc68ceef1",
  "outputs": {},
  "resources": [
    {
      "mode": "managed",
      "type": "yandex_compute_instance",
      "name": "vm-1",
      "provider": "provider[\"registry.terraform.io/yandex-cloud/yandex\"]",
      "instances": [
        {
          "schema_version": 1,
          "attributes": {
            "allow_recreate": null,
            "allow_stopping_for_update": null,
            "boot_disk": [
              {
                "auto_delete": true,
                "device_name": "fhmduvl98uoi2fet5711",
                "disk_id": "fhmduvl98uoi2fet5711",
                "initialize_params": [
                  {
                    "block_size": 4096,
                    "description": "",
                    "image_id": "fd8ejsdle3sqfpsgmqeh",
                    "name": "",
                    "size": 10,
                    "snapshot_id": "",
                    "type": "network-hdd"
                  }
                ],
                "mode": "READ_WRITE"
              }
            ],
            "created_at": "2024-05-16T13:37:18Z",
            "description": "",
            "filesystem": [],
            "folder_id": "b1gds5v86pf14bpd23vd",
            "fqdn": "fhmlgdojs05equguc4re.auto.internal",
            "gpu_cluster_id": "",
            "hostname": "",
            "id": "fhmlgdojs05equguc4re",
            "labels": null,
            "local_disk": [],
            "maintenance_grace_period": "",
            "maintenance_policy": null,
            "metadata": {
              "foo": "bar",
              "ssh-keys": "ubuntu:ssh-rsa AAAAB3NzaC1yc2EAAAADAQABAAABgQC/DiV+iEpistN9+bF+2nXq7RWf0b4PyzaBwhmAJC7IW8TzwQiC5YWT/UG60S6mDLdsV3wcXFq+BaeJeO9TCST4WNsT2l8un0Gs1Cm2p7e9kRxk9XFDpoathV89ecfHUIQvDDpz3OSAWhWmnItQ7tu98E2YBZn6agZPMva55j8x8GPUyjzT874JhpwgKcCFetqoycNJyc85m/Yk0MzCtoOK7igvrnLXQWuz01p7nQ3IZnDttDM0yNpoI7HVCnLWF3iJB2OnUc9mZur5wpagTDrdxXAeawMUG5nK6krzoM0MkqRBE6xFsAOyrQESlQxPnNHisi7dV7bRlblGQn2Ir5kddLSfKBTtSD7efWVkuqV2hKX1/LsSunDoTw+7bcnxNliRvKZO++Dw9n4wAFusiC+7QlTFl2WddPemW8T9GflNYoIzgP8a351PHbjjt0A+5DYpV4tcaC6e5id3SiXKmBc6LTp99x4rbBz/puDh0BZdHjcv6Gr3khvGESPIUFn/t1s= vlad@Mac-mini-Admin.local\n"
            },
            "metadata_options": [
              {
                "aws_v1_http_endpoint": 1,
                "aws_v1_http_token": 2,
                "gce_http_endpoint": 1,
                "gce_http_token": 1
              }
            ],
            "name": "test",
            "network_acceleration_type": "standard",
            "network_interface": [
              {
                "dns_record": [],
                "index": 0,
                "ip_address": "10.5.0.11",
                "ipv4": true,
                "ipv6": false,
                "ipv6_address": "",
                "ipv6_dns_record": [],
                "mac_address": "d0:0d:15:83:71:3e",
                "nat": false,
                "nat_dns_record": [],
                "nat_ip_address": "",
                "nat_ip_version": "",
                "security_group_ids": [],
                "subnet_id": "e9brpcuipvrfmcuo0f3j"
              }
            ],
            "placement_policy": [
              {
                "host_affinity_rules": [],
                "placement_group_id": "",
                "placement_group_partition": 0
              }
            ],
            "platform_id": "standard-v1",
            "resources": [
              {
                "core_fraction": 100,
                "cores": 2,
                "gpus": 0,
                "memory": 4
              }
            ],
            "scheduling_policy": [
              {
                "preemptible": false
              }
            ],
            "secondary_disk": [],
            "service_account_id": "",
            "status": "running",
            "timeouts": null,
            "zone": "ru-central1-a"
          },
          "sensitive_attributes": [],
          "private": "eyJlMmJmYjczMC1lY2FhLTExZTYtOGY4OC0zNDM2M2JjN2M0YzAiOnsiY3JlYXRlIjozMDAwMDAwMDAwMDAsImRlbGV0ZSI6MzAwMDAwMDAwMDAwLCJ1cGRhdGUiOjMwMDAwMDAwMDAwMH0sInNjaGVtYV92ZXJzaW9uIjoiMSJ9",
          "dependencies": [
            "yandex_vpc_network.foo",
            "yandex_vpc_subnet.foo"
          ]
        }
      ]
    },
    {
      "mode": "managed",
      "type": "yandex_vpc_network",
      "name": "foo",
      "provider": "provider[\"registry.terraform.io/yandex-cloud/yandex\"]",
      "instances": [
        {
          "schema_version": 0,
          "attributes": {
            "created_at": "2024-05-16T13:37:14Z",
            "default_security_group_id": "enpvnp4qte0m8adke88q",
            "description": "",
            "folder_id": "b1gds5v86pf14bpd23vd",
            "id": "enppoaci9of101iuqqmt",
            "labels": {},
            "name": "",
            "subnet_ids": [],
            "timeouts": null
          },
          "sensitive_attributes": [],
          "private": "eyJlMmJmYjczMC1lY2FhLTExZTYtOGY4OC0zNDM2M2JjN2M0YzAiOnsiY3JlYXRlIjo2MDAwMDAwMDAwMCwiZGVsZXRlIjo2MDAwMDAwMDAwMCwidXBkYXRlIjo2MDAwMDAwMDAwMH19"
        }
      ]
    },
    {
      "mode": "managed",
      "type": "yandex_vpc_subnet",
      "name": "foo",
      "provider": "provider[\"registry.terraform.io/yandex-cloud/yandex\"]",
      "instances": [
        {
          "schema_version": 0,
          "attributes": {
            "created_at": "2024-05-16T13:37:17Z",
            "description": "",
            "dhcp_options": [],
            "folder_id": "b1gds5v86pf14bpd23vd",
            "id": "e9brpcuipvrfmcuo0f3j",
            "labels": {},
            "name": "",
            "network_id": "enppoaci9of101iuqqmt",
            "route_table_id": "",
            "timeouts": null,
            "v4_cidr_blocks": [
              "10.5.0.0/24"
            ],
            "v6_cidr_blocks": [],
            "zone": "ru-central1-a"
          },
          "sensitive_attributes": [],
          "private": "eyJlMmJmYjczMC1lY2FhLTExZTYtOGY4OC0zNDM2M2JjN2M0YzAiOnsiY3JlYXRlIjoxODAwMDAwMDAwMDAsImRlbGV0ZSI6MTgwMDAwMDAwMDAwLCJ1cGRhdGUiOjE4MDAwMDAwMDAwMH19",
          "dependencies": [
            "yandex_vpc_network.foo"
          ]
        }
      ]
    }
  ],
  "check_results": null
}
