{
  "version": 4,
  "terraform_version": "1.8.3",
  "serial": 2,
  "lineage": "0f8a20d5-ac92-34c6-289a-954decf5d881",
  "outputs": {},
  "resources": [
    {
      "mode": "managed",
      "type": "yandex_iam_service_account",
      "name": "sa-2",
      "provider": "provider[\"registry.terraform.io/yandex-cloud/yandex\"]",
      "instances": [
        {
          "schema_version": 0,
          "attributes": {
            "created_at": "2024-05-17T08:17:53Z",
            "description": "",
            "folder_id": "b1gds5v86pf14bpd23vd",
            "id": "ajeps05rehv4sidu45dp",
            "name": "tf-test-sa-2",
            "timeouts": null
          },
          "sensitive_attributes": [],
          "private": "eyJlMmJmYjczMC1lY2FhLTExZTYtOGY4OC0zNDM2M2JjN2M0YzAiOnsiY3JlYXRlIjo2MDAwMDAwMDAwMCwiZGVsZXRlIjo2MDAwMDAwMDAwMCwidXBkYXRlIjo2MDAwMDAwMDAwMH19"
        }
      ]
    },
    {
      "mode": "managed",
      "type": "yandex_iam_service_account_static_access_key",
      "name": "sa-2-static-key",
      "provider": "provider[\"registry.terraform.io/yandex-cloud/yandex\"]",
      "instances": [
        {
          "schema_version": 0,
          "attributes": {
            "access_key": "YCAJEVpIxNqj9hanXs2uLQAVR",
            "created_at": "2024-05-17T08:17:55Z",
            "description": "static access key for object storage",
            "encrypted_secret_key": null,
            "id": "ajeussvheigfs9hjak9p",
            "key_fingerprint": null,
            "pgp_key": null,
            "secret_key": "YCOhk3ueqCXqifR_ZeRDQoG4fvZ6HBv2pkFS1vtF",
            "service_account_id": "ajeps05rehv4sidu45dp"
          },
          "sensitive_attributes": [
            [
              {
                "type": "get_attr",
                "value": "secret_key"
              }
            ]
          ],
          "private": "bnVsbA==",
          "dependencies": [
            "yandex_iam_service_account.sa-2"
          ]
        }
      ]
    },
    {
      "mode": "managed",
      "type": "yandex_resourcemanager_folder_iam_member",
      "name": "sa-editor",
      "provider": "provider[\"registry.terraform.io/yandex-cloud/yandex\"]",
      "instances": [
        {
          "schema_version": 0,
          "attributes": {
            "folder_id": "b1gds5v86pf14bpd23vd",
            "id": "b1gds5v86pf14bpd23vd/storage.editor/serviceAccount:ajeps05rehv4sidu45dp",
            "member": "serviceAccount:ajeps05rehv4sidu45dp",
            "role": "storage.editor",
            "sleep_after": null,
            "timeouts": null
          },
          "sensitive_attributes": [],
          "private": "eyJlMmJmYjczMC1lY2FhLTExZTYtOGY4OC0zNDM2M2JjN2M0YzAiOnsiY3JlYXRlIjo2MDAwMDAwMDAwMCwiZGVmYXVsdCI6NjAwMDAwMDAwMDAsImRlbGV0ZSI6NjAwMDAwMDAwMDAsInJlYWQiOjYwMDAwMDAwMDAwLCJ1cGRhdGUiOjYwMDAwMDAwMDAwfX0=",
          "dependencies": [
            "yandex_iam_service_account.sa-2"
          ]
        }
      ]
    },
    {
      "mode": "managed",
      "type": "yandex_storage_bucket",
      "name": "s3bucket-1",
      "provider": "provider[\"registry.terraform.io/yandex-cloud/yandex\"]",
      "instances": [
        {
          "schema_version": 1,
          "attributes": {
            "access_key": "YCAJEVpIxNqj9hanXs2uLQAVR",
            "acl": null,
            "anonymous_access_flags": [
              {
                "config_read": false,
                "list": false,
                "read": false
              }
            ],
            "bucket": "tf-s3bucket-2",
            "bucket_domain_name": "tf-s3bucket-2.storage.yandexcloud.net",
            "bucket_prefix": null,
            "cors_rule": [],
            "default_storage_class": "STANDARD",
            "folder_id": "b1gds5v86pf14bpd23vd",
            "force_destroy": false,
            "grant": [],
            "https": [],
            "id": "tf-s3bucket-2",
            "lifecycle_rule": [],
            "logging": [],
            "max_size": 0,
            "object_lock_configuration": [],
            "policy": "",
            "secret_key": "YCOhk3ueqCXqifR_ZeRDQoG4fvZ6HBv2pkFS1vtF",
            "server_side_encryption_configuration": [],
            "tags": null,
            "versioning": [
              {
                "enabled": false
              }
            ],
            "website": [],
            "website_domain": null,
            "website_endpoint": null
          },
          "sensitive_attributes": [
            [
              {
                "type": "get_attr",
                "value": "secret_key"
              }
            ]
          ],
          "private": "eyJzY2hlbWFfdmVyc2lvbiI6IjEifQ==",
          "dependencies": [
            "yandex_iam_service_account.sa-2",
            "yandex_iam_service_account_static_access_key.sa-2-static-key"
          ]
        }
      ]
    }
  ],
  "check_results": null
}
